<Solution>
  <Project Path="src/eThangAgent.SharedKernel/eThangAgent.SharedKernel.csproj" />
  <Project Path="src/eThangAgent.Model.Domain/eThangAgent.Model.Domain.csproj" />
  <Project Path="src/eThangAgent.Conversation.Domain/eThangAgent.Conversation.Domain.csproj" />
  <Project Path="src/eThangAgent.Agent.Domain/eThangAgent.Agent.Domain.csproj" />
  <Folder Name="/src/">
    <Project Path="src/eThangAgent.Agent.Infrastructure/eThangAgent.Agent.Infrastructure.csproj" />
    <Project Path="src/eThangAgent.Memory.Domain/eThangAgent.Memory.Domain.csproj" />
    <Project Path="src/eThangAgent.Skill.Domain/eThangAgent.Skill.Domain.csproj" />
  </Folder>
  <Folder Name="/tests/">
    <Project Path="tests/eThangAgent.Agent.Infrastructure.Tests/eThangAgent.Agent.Infrastructure.Tests.csproj" />
    <Project Path="tests/eThangAgent.Memory.Domain.Tests/eThangAgent.Memory.Domain.Tests.csproj" />
    <Project Path="tests/eThangAgent.Skill.Domain.Tests/eThangAgent.Skill.Domain.Tests.csproj" />
  </Folder>
  <Project Path="src/eThangAgent.Agent.Application/eThangAgent.Agent.Application.csproj" />
  <Project Path="src/eThangAgent.OpenRouter.ACL/eThangAgent.OpenRouter.ACL.csproj" />
  <Project Path="src/eThangAgent.CLI/eThangAgent.CLI.csproj" />
  <Project Path="src/eThangAgent.Terminal.ACL/eThangAgent.Terminal.ACL.csproj" />
  <Project Path="src/eThangAgent.Tool.Domain/eThangAgent.Tool.Domain.csproj" />
  <Project Path="src/eThangAgent.FileSystem.ACL/eThangAgent.FileSystem.ACL.csproj" />
  <Project Path="src/eThangAgent.Capability.Domain/eThangAgent.Capability.Domain.csproj" />
  <Project Path="src/eThangAgent.State.Domain/eThangAgent.State.Domain.csproj" />
  <Project Path="src/eThangAgent.Storage.ACL/eThangAgent.Storage.ACL.csproj" />
  <Project Path="src/eThangAgent.PowerShell.ACL/eThangAgent.PowerShell.ACL.csproj" />
  <Project Path="src/eThangAgent.Roslyn.ACL/eThangAgent.Roslyn.ACL.csproj" />
  <Project Path="tests/eThangAgent.SharedKernel.Tests/eThangAgent.SharedKernel.Tests.csproj" />
  <Project Path="tests/eThangAgent.Model.Domain.Tests/eThangAgent.Model.Domain.Tests.csproj" />
  <Project Path="tests/eThangAgent.Conversation.Domain.Tests/eThangAgent.Conversation.Domain.Tests.csproj" />
  <Project Path="tests/eThangAgent.Agent.Domain.Tests/eThangAgent.Agent.Domain.Tests.csproj" />
  <Project Path="tests/eThangAgent.Agent.Application.Tests/eThangAgent.Agent.Application.Tests.csproj" />
  <Project Path="tests/eThangAgent.OpenRouter.ACL.Tests/eThangAgent.OpenRouter.ACL.Tests.csproj" />
  <Project Path="tests/eThangAgent.CLI.Tests/eThangAgent.CLI.Tests.csproj" />
  <Project Path="tests/eThangAgent.Terminal.ACL.Tests/eThangAgent.Terminal.ACL.Tests.csproj" />
  <Project Path="tests/eThangAgent.Tool.Domain.Tests/eThangAgent.Tool.Domain.Tests.csproj" />
  <Project Path="tests/eThangAgent.FileSystem.ACL.Tests/eThangAgent.FileSystem.ACL.Tests.csproj" />
  <Project Path="tests/eThangAgent.Capability.Domain.Tests/eThangAgent.Capability.Domain.Tests.csproj" />
  <Project Path="tests/eThangAgent.State.Domain.Tests/eThangAgent.State.Domain.Tests.csproj" />
  <Project Path="tests/eThangAgent.Storage.ACL.Tests/eThangAgent.Storage.ACL.Tests.csproj" />
  <Project Path="tests/eThangAgent.PowerShell.ACL.Tests/eThangAgent.PowerShell.ACL.Tests.csproj" />
</Solution>
