<Solution>
  <Project Path="src/eThangAgent.SharedKernel/eThangAgent.SharedKernel.csproj" />
  <Project Path="src/eThangAgent.Model.Domain/eThangAgent.Model.Domain.csproj" />
  <Project Path="src/eThangAgent.Conversation.Domain/eThangAgent.Conversation.Domain.csproj" />
  <Project Path="src/eThangAgent.Agent.Domain/eThangAgent.Agent.Domain.csproj" />
  <Project Path="src/eThangAgent.Agent.Application/eThangAgent.Agent.Application.csproj" />
  <Project Path="src/eThangAgent.OpenRouter.ACL/eThangAgent.OpenRouter.ACL.csproj" />
  <Project Path="src/eThangAgent.CLI/eThangAgent.CLI.csproj" />
  <Project Path="src/eThangAgent.Terminal.ACL/eThangAgent.Terminal.ACL.csproj" />
  <Project Path="src/eThangAgent.Tool.Domain/eThangAgent.Tool.Domain.csproj" />
  <Project Path="tests/eThangAgent.SharedKernel.Tests/eThangAgent.SharedKernel.Tests.csproj" />
  <Project Path="tests/eThangAgent.Model.Domain.Tests/eThangAgent.Model.Domain.Tests.csproj" />
  <Project Path="tests/eThangAgent.Conversation.Domain.Tests/eThangAgent.Conversation.Domain.Tests.csproj" />
  <Project Path="tests/eThangAgent.Agent.Domain.Tests/eThangAgent.Agent.Domain.Tests.csproj" />
  <Project Path="tests/eThangAgent.Agent.Application.Tests/eThangAgent.Agent.Application.Tests.csproj" />
  <Project Path="tests/eThangAgent.OpenRouter.ACL.Tests/eThangAgent.OpenRouter.ACL.Tests.csproj" />
  <Project Path="tests/eThangAgent.CLI.Tests/eThangAgent.CLI.Tests.csproj" />
  <Project Path="tests/eThangAgent.Terminal.ACL.Tests/eThangAgent.Terminal.ACL.Tests.csproj" />
  <Project Path="tests/eThangAgent.Tool.Domain.Tests/eThangAgent.Tool.Domain.Tests.csproj" />
</Solution>
